
Microsoft Visual Studio Solution File, Format Version 12.00
# Visual Studio Version 17
VisualStudioVersion = 17.3.32811.315
MinimumVisualStudioVersion = 10.0.40219.1
Project("{00D1A9C2-B5F0-4AF3-8072-F6C62B433612}") = "MusalaTestDB", "MusalaTestDB\MusalaTestDB.sqlproj", "{91B5FC2A-0195-4FDC-9524-6C2F633C3433}"
EndProject
Global
	GlobalSection(SolutionConfigurationPlatforms) = preSolution
		Debug|Any CPU = Debug|Any CPU
		Release|Any CPU = Release|Any CPU
	EndGlobalSection
	GlobalSection(ProjectConfigurationPlatforms) = postSolution
		{91B5FC2A-0195-4FDC-9524-6C2F633C3433}.Debug|Any CPU.ActiveCfg = Debug|Any CPU
		{91B5FC2A-0195-4FDC-9524-6C2F633C3433}.Debug|Any CPU.Build.0 = Debug|Any CPU
		{91B5FC2A-0195-4FDC-9524-6C2F633C3433}.Debug|Any CPU.Deploy.0 = Debug|Any CPU
		{91B5FC2A-0195-4FDC-9524-6C2F633C3433}.Release|Any CPU.ActiveCfg = Release|Any CPU
		{91B5FC2A-0195-4FDC-9524-6C2F633C3433}.Release|Any CPU.Build.0 = Release|Any CPU
		{91B5FC2A-0195-4FDC-9524-6C2F633C3433}.Release|Any CPU.Deploy.0 = Release|Any CPU
	EndGlobalSection
	GlobalSection(SolutionProperties) = preSolution
		HideSolutionNode = FALSE
	EndGlobalSection
	GlobalSection(ExtensibilityGlobals) = postSolution
		SolutionGuid = {5DBEB957-363D-4B8C-A6B9-C26A75C19C09}
	EndGlobalSection
EndGlobal
